
Microsoft Visual Studio Solution File, Format Version 12.00
# Visual Studio 15
VisualStudioVersion = 15.0.28307.757
MinimumVisualStudioVersion = 10.0.40219.1
Project("{9A19103F-16F7-4668-BE54-9A1E7A4F7556}") = "BasicApi", "BasicApi\BasicApi.csproj", "{54A5F238-10E6-43A1-A986-CE1BD60E2CE6}"
EndProject
Project("{9A19103F-16F7-4668-BE54-9A1E7A4F7556}") = "TestWebApi", "TestWebApi\TestWebApi.csproj", "{75274C70-3C71-46C3-B9D2-60D2E651B9AB}"
EndProject
Global
	GlobalSection(SolutionConfigurationPlatforms) = preSolution
		Debug|Any CPU = Debug|Any CPU
		Release|Any CPU = Release|Any CPU
	EndGlobalSection
	GlobalSection(ProjectConfigurationPlatforms) = postSolution
		{54A5F238-10E6-43A1-A986-CE1BD60E2CE6}.Debug|Any CPU.ActiveCfg = Debug|Any CPU
		{54A5F238-10E6-43A1-A986-CE1BD60E2CE6}.Debug|Any CPU.Build.0 = Debug|Any CPU
		{54A5F238-10E6-43A1-A986-CE1BD60E2CE6}.Release|Any CPU.ActiveCfg = Release|Any CPU
		{54A5F238-10E6-43A1-A986-CE1BD60E2CE6}.Release|Any CPU.Build.0 = Release|Any CPU
		{75274C70-3C71-46C3-B9D2-60D2E651B9AB}.Debug|Any CPU.ActiveCfg = Debug|Any CPU
		{75274C70-3C71-46C3-B9D2-60D2E651B9AB}.Debug|Any CPU.Build.0 = Debug|Any CPU
		{75274C70-3C71-46C3-B9D2-60D2E651B9AB}.Release|Any CPU.ActiveCfg = Release|Any CPU
		{75274C70-3C71-46C3-B9D2-60D2E651B9AB}.Release|Any CPU.Build.0 = Release|Any CPU
	EndGlobalSection
	GlobalSection(SolutionProperties) = preSolution
		HideSolutionNode = FALSE
	EndGlobalSection
	GlobalSection(ExtensibilityGlobals) = postSolution
		SolutionGuid = {2CAB0AC4-ADDE-4DA1-84D7-D7A2551851FA}
	EndGlobalSection
EndGlobal
